github.com/james4k/rcon v0.0.0-20210222224819-34a67ca2b2d6 h1:SNrbIpIMlIBYe8AQTLfsDJqlXSaEC64CjulMXzR0kS0=
github.com/james4k/rcon v0.0.0-20210222224819-34a67ca2b2d6/go.mod h1:1qNVsDcmNQDsAXYfUuF/Z0rtK5eT8x9D6Pi7S3PjXAg=
github.com/spf13/pflag v1.0.5 h1:iy+VFUOCP1a+8yFto/drg2CJ5u0yRoB7fZw3DKv/JXA=
github.com/spf13/pflag v1.0.5/go.mod h1:McXfInJRrz4CZXVZOBLb0bTZqETkiAhM9Iw0y3An2Bg=
