github.com/hamburghammer/rcon v1.0.0 h1:jt+VjZOa0QEzpKkMqP+4DYL6aH3hTDfoRKgam9w2YXc=
github.com/hamburghammer/rcon v1.0.0/go.mod h1:kAh73BJ+hmOzggl8k7oPJrolw7FEjKx9LvCzJH9VOF0=
github.com/spf13/pflag v1.0.5 h1:iy+VFUOCP1a+8yFto/drg2CJ5u0yRoB7fZw3DKv/JXA=
github.com/spf13/pflag v1.0.5/go.mod h1:McXfInJRrz4CZXVZOBLb0bTZqETkiAhM9Iw0y3An2Bg=
